
Microsoft Visual Studio Solution File, Format Version 12.00
# Visual Studio Version 17
VisualStudioVersion = 17.0.32014.148
MinimumVisualStudioVersion = 10.0.40219.1
Project("{2150E333-8FDC-42A3-9474-1A3956D46DE8}") = "src", "src", "{F2844AA9-E38F-4D2F-9BA7-393C0BB92CBB}"
EndProject
Project("{2150E333-8FDC-42A3-9474-1A3956D46DE8}") = "test", "test", "{C0F6F0A9-9B45-42B6-AFCA-A1CEC42D1038}"
EndProject
Project("{2150E333-8FDC-42A3-9474-1A3956D46DE8}") = "API", "API", "{014A6D22-49E6-4785-BA6B-2ED8E43CE1E2}"
EndProject
Project("{2150E333-8FDC-42A3-9474-1A3956D46DE8}") = "Core", "Core", "{1AEED2B4-866F-4F60-AA2E-F981BAA1C21C}"
EndProject
Project("{2150E333-8FDC-42A3-9474-1A3956D46DE8}") = "Infrastructure", "Infrastructure", "{19A20B17-7AC1-486F-8419-5696A6DFF7D3}"
EndProject
Project("{2150E333-8FDC-42A3-9474-1A3956D46DE8}") = "UI", "UI", "{8C6E714F-BA35-46A3-9E1E-2AAB6D93BCB1}"
EndProject
Project("{9A19103F-16F7-4668-BE54-9A1E7A4F7556}") = "HR.LeaveManagement.Domain", "HR.LeaveManagement.Domain\HR.LeaveManagement.Domain.csproj", "{369D6BF2-20D1-419A-97FC-F04616B3A8CA}"
EndProject
Project("{9A19103F-16F7-4668-BE54-9A1E7A4F7556}") = "HR.LeaveManagement.API", "HR.LeaveManagement.API\HR.LeaveManagement.API.csproj", "{3D3FE125-1543-4640-88A6-4F85BAB9F9CA}"
EndProject
Project("{9A19103F-16F7-4668-BE54-9A1E7A4F7556}") = "HR.LeaveManagement.Application", "HR.LeaveManagement.Application\HR.LeaveManagement.Application.csproj", "{FC5D0CEB-AC6C-4D0B-ACA2-C1A4F7F2FCCB}"
EndProject
Project("{9A19103F-16F7-4668-BE54-9A1E7A4F7556}") = "HR.LeaveManagement.Persistence", "HR.LeaveManagement.Persistence\HR.LeaveManagement.Persistence.csproj", "{FAAB567E-61C8-43BF-A636-A435332327EF}"
EndProject
Project("{FAE04EC0-301F-11D3-BF4B-00C04F79EFBC}") = "HR.LeaveManagement.Infrastructure", "LeaveManagement.Infrastructure\HR.LeaveManagement.Infrastructure.csproj", "{81CEEE0B-DFE0-4C2C-8624-65126A6B6CAA}"
EndProject
Global
	GlobalSection(SolutionConfigurationPlatforms) = preSolution
		Debug|Any CPU = Debug|Any CPU
		Release|Any CPU = Release|Any CPU
	EndGlobalSection
	GlobalSection(ProjectConfigurationPlatforms) = postSolution
		{369D6BF2-20D1-419A-97FC-F04616B3A8CA}.Debug|Any CPU.ActiveCfg = Debug|Any CPU
		{369D6BF2-20D1-419A-97FC-F04616B3A8CA}.Debug|Any CPU.Build.0 = Debug|Any CPU
		{369D6BF2-20D1-419A-97FC-F04616B3A8CA}.Release|Any CPU.ActiveCfg = Release|Any CPU
		{369D6BF2-20D1-419A-97FC-F04616B3A8CA}.Release|Any CPU.Build.0 = Release|Any CPU
		{3D3FE125-1543-4640-88A6-4F85BAB9F9CA}.Debug|Any CPU.ActiveCfg = Debug|Any CPU
		{3D3FE125-1543-4640-88A6-4F85BAB9F9CA}.Debug|Any CPU.Build.0 = Debug|Any CPU
		{3D3FE125-1543-4640-88A6-4F85BAB9F9CA}.Release|Any CPU.ActiveCfg = Release|Any CPU
		{3D3FE125-1543-4640-88A6-4F85BAB9F9CA}.Release|Any CPU.Build.0 = Release|Any CPU
		{FC5D0CEB-AC6C-4D0B-ACA2-C1A4F7F2FCCB}.Debug|Any CPU.ActiveCfg = Debug|Any CPU
		{FC5D0CEB-AC6C-4D0B-ACA2-C1A4F7F2FCCB}.Debug|Any CPU.Build.0 = Debug|Any CPU
		{FC5D0CEB-AC6C-4D0B-ACA2-C1A4F7F2FCCB}.Release|Any CPU.ActiveCfg = Release|Any CPU
		{FC5D0CEB-AC6C-4D0B-ACA2-C1A4F7F2FCCB}.Release|Any CPU.Build.0 = Release|Any CPU
		{FAAB567E-61C8-43BF-A636-A435332327EF}.Debug|Any CPU.ActiveCfg = Debug|Any CPU
		{FAAB567E-61C8-43BF-A636-A435332327EF}.Debug|Any CPU.Build.0 = Debug|Any CPU
		{FAAB567E-61C8-43BF-A636-A435332327EF}.Release|Any CPU.ActiveCfg = Release|Any CPU
		{FAAB567E-61C8-43BF-A636-A435332327EF}.Release|Any CPU.Build.0 = Release|Any CPU
		{81CEEE0B-DFE0-4C2C-8624-65126A6B6CAA}.Debug|Any CPU.ActiveCfg = Debug|Any CPU
		{81CEEE0B-DFE0-4C2C-8624-65126A6B6CAA}.Debug|Any CPU.Build.0 = Debug|Any CPU
		{81CEEE0B-DFE0-4C2C-8624-65126A6B6CAA}.Release|Any CPU.ActiveCfg = Release|Any CPU
		{81CEEE0B-DFE0-4C2C-8624-65126A6B6CAA}.Release|Any CPU.Build.0 = Release|Any CPU
	EndGlobalSection
	GlobalSection(SolutionProperties) = preSolution
		HideSolutionNode = FALSE
	EndGlobalSection
	GlobalSection(NestedProjects) = preSolution
		{014A6D22-49E6-4785-BA6B-2ED8E43CE1E2} = {F2844AA9-E38F-4D2F-9BA7-393C0BB92CBB}
		{1AEED2B4-866F-4F60-AA2E-F981BAA1C21C} = {F2844AA9-E38F-4D2F-9BA7-393C0BB92CBB}
		{19A20B17-7AC1-486F-8419-5696A6DFF7D3} = {F2844AA9-E38F-4D2F-9BA7-393C0BB92CBB}
		{8C6E714F-BA35-46A3-9E1E-2AAB6D93BCB1} = {F2844AA9-E38F-4D2F-9BA7-393C0BB92CBB}
		{369D6BF2-20D1-419A-97FC-F04616B3A8CA} = {1AEED2B4-866F-4F60-AA2E-F981BAA1C21C}
		{3D3FE125-1543-4640-88A6-4F85BAB9F9CA} = {014A6D22-49E6-4785-BA6B-2ED8E43CE1E2}
		{FC5D0CEB-AC6C-4D0B-ACA2-C1A4F7F2FCCB} = {1AEED2B4-866F-4F60-AA2E-F981BAA1C21C}
		{FAAB567E-61C8-43BF-A636-A435332327EF} = {19A20B17-7AC1-486F-8419-5696A6DFF7D3}
		{81CEEE0B-DFE0-4C2C-8624-65126A6B6CAA} = {19A20B17-7AC1-486F-8419-5696A6DFF7D3}
	EndGlobalSection
	GlobalSection(ExtensibilityGlobals) = postSolution
		SolutionGuid = {5E852FD2-F564-4024-9407-25C0B1C82A9E}
	EndGlobalSection
EndGlobal
